
Microsoft Visual Studio Solution File, Format Version 12.00
# Visual Studio 15
VisualStudioVersion = 15.0.28010.2016
MinimumVisualStudioVersion = 10.0.40219.1
Project("{FAE04EC0-301F-11D3-BF4B-00C04F79EFBC}") = "Cortex", "Cortex\Cortex.csproj", "{8CFC9711-79BE-4FAE-B54F-DEE6ADA88953}"
EndProject
Global
	GlobalSection(SolutionConfigurationPlatforms) = preSolution
		Debug|Any CPU = Debug|Any CPU
		Release|Any CPU = Release|Any CPU
	EndGlobalSection
	GlobalSection(ProjectConfigurationPlatforms) = postSolution
		{8CFC9711-79BE-4FAE-B54F-DEE6ADA88953}.Debug|Any CPU.ActiveCfg = Debug|Any CPU
		{8CFC9711-79BE-4FAE-B54F-DEE6ADA88953}.Debug|Any CPU.Build.0 = Debug|Any CPU
		{8CFC9711-79BE-4FAE-B54F-DEE6ADA88953}.Release|Any CPU.ActiveCfg = Release|Any CPU
		{8CFC9711-79BE-4FAE-B54F-DEE6ADA88953}.Release|Any CPU.Build.0 = Release|Any CPU
	EndGlobalSection
	GlobalSection(SolutionProperties) = preSolution
		HideSolutionNode = FALSE
	EndGlobalSection
	GlobalSection(ExtensibilityGlobals) = postSolution
		SolutionGuid = {80DC50C9-74A3-403E-BB50-160440ACAEF4}
	EndGlobalSection
EndGlobal
